
Microsoft Visual Studio Solution File, Format Version 12.00
# Visual Studio Version 17
VisualStudioVersion = 17.3.32929.385
MinimumVisualStudioVersion = 10.0.40219.1
Project("{FAE04EC0-301F-11D3-BF4B-00C04F79EFBC}") = "RazorPagesMovie", "RazorPagesMovie\RazorPagesMovie.csproj", "{62D1759F-9BE0-4912-B343-86D5FC2EAFEA}"
EndProject
Global
	GlobalSection(SolutionConfigurationPlatforms) = preSolution
		Debug|Any CPU = Debug|Any CPU
		Release|Any CPU = Release|Any CPU
	EndGlobalSection
	GlobalSection(ProjectConfigurationPlatforms) = postSolution
		{62D1759F-9BE0-4912-B343-86D5FC2EAFEA}.Debug|Any CPU.ActiveCfg = Debug|Any CPU
		{62D1759F-9BE0-4912-B343-86D5FC2EAFEA}.Debug|Any CPU.Build.0 = Debug|Any CPU
		{62D1759F-9BE0-4912-B343-86D5FC2EAFEA}.Release|Any CPU.ActiveCfg = Release|Any CPU
		{62D1759F-9BE0-4912-B343-86D5FC2EAFEA}.Release|Any CPU.Build.0 = Release|Any CPU
	EndGlobalSection
	GlobalSection(SolutionProperties) = preSolution
		HideSolutionNode = FALSE
	EndGlobalSection
	GlobalSection(ExtensibilityGlobals) = postSolution
		SolutionGuid = {25FEFA3C-DD43-4AFB-877E-A330C068FDE3}
	EndGlobalSection
EndGlobal
